
Microsoft Visual Studio Solution File, Format Version 12.00
# Visual Studio Version 17
VisualStudioVersion = 17.5.002.0
MinimumVisualStudioVersion = 10.0.40219.1
Project("{9A19103F-16F7-4668-BE54-9A1E7A4F7556}") = "06_guard_gallivant", "06_guard_gallivant.csproj", "{C4925D78-CD48-497B-BB32-B17D6908CE74}"
EndProject
Global
	GlobalSection(SolutionConfigurationPlatforms) = preSolution
		Debug|Any CPU = Debug|Any CPU
		Release|Any CPU = Release|Any CPU
	EndGlobalSection
	GlobalSection(ProjectConfigurationPlatforms) = postSolution
		{C4925D78-CD48-497B-BB32-B17D6908CE74}.Debug|Any CPU.ActiveCfg = Debug|Any CPU
		{C4925D78-CD48-497B-BB32-B17D6908CE74}.Debug|Any CPU.Build.0 = Debug|Any CPU
		{C4925D78-CD48-497B-BB32-B17D6908CE74}.Release|Any CPU.ActiveCfg = Release|Any CPU
		{C4925D78-CD48-497B-BB32-B17D6908CE74}.Release|Any CPU.Build.0 = Release|Any CPU
	EndGlobalSection
	GlobalSection(SolutionProperties) = preSolution
		HideSolutionNode = FALSE
	EndGlobalSection
	GlobalSection(ExtensibilityGlobals) = postSolution
		SolutionGuid = {5F0D34E4-2FEC-474E-82F8-D0763952A80F}
	EndGlobalSection
EndGlobal
