
Microsoft Visual Studio Solution File, Format Version 12.00
# Visual Studio Version 17
VisualStudioVersion = 17.9.34327.274
MinimumVisualStudioVersion = 10.0.40219.1
Project("{888888A0-9F3D-457C-B088-3A5042F75D52}") = "01_trebuchet", "01_trebuchet\01_trebuchet.pyproj", "{5ACCA3BE-CC6E-43AE-AAB4-E34FCDBC2520}"
EndProject
Global
	GlobalSection(SolutionConfigurationPlatforms) = preSolution
		Debug|Any CPU = Debug|Any CPU
		Release|Any CPU = Release|Any CPU
	EndGlobalSection
	GlobalSection(ProjectConfigurationPlatforms) = postSolution
		{5ACCA3BE-CC6E-43AE-AAB4-E34FCDBC2520}.Debug|Any CPU.ActiveCfg = Debug|Any CPU
		{5ACCA3BE-CC6E-43AE-AAB4-E34FCDBC2520}.Release|Any CPU.ActiveCfg = Release|Any CPU
	EndGlobalSection
	GlobalSection(SolutionProperties) = preSolution
		HideSolutionNode = FALSE
	EndGlobalSection
	GlobalSection(ExtensibilityGlobals) = postSolution
		SolutionGuid = {8048AD35-0673-4F66-9547-F7A5EAD23094}
	EndGlobalSection
EndGlobal
